# @generated by Move, please check-in and do not edit manually.

[move]
version = 3
manifest_digest = "292959F0DE28AD1A2F12B6B17DA655A5FE30AE83164953F72F3CD7233F15991D"
deps_digest = "F8BBB0CCB2491CA29A3DF03D6F92277A4F3574266507ACD77214D37ECA3F3082"
dependencies = [
  { id = "Sui", name = "Sui" },
]

[[move.package]]
id = "MoveStdlib"
source = { git = "https://github.com/MystenLabs/sui.git", rev = "framework/mainnet", subdir = "crates\\sui-framework\\packages\\move-stdlib" }

[[move.package]]
id = "Sui"
source = { git = "https://github.com/MystenLabs/sui.git", rev = "framework/mainnet", subdir = "crates/sui-framework/packages/sui-framework" }

dependencies = [
  { id = "MoveStdlib", name = "MoveStdlib" },
]

[move.toolchain-version]
compiler-version = "1.59.0"
edition = "2024"
flavor = "sui"

[env]

[env.testnet]
chain-id = "4c78adac"
original-published-id = "0x7adb3bcd45725d722f4c621b752538758f148955b944d3011a55b42c17e7b316"
latest-published-id = "0x7adb3bcd45725d722f4c621b752538758f148955b944d3011a55b42c17e7b316"
published-version = "1"
